
Microsoft Visual Studio Solution File, Format Version 12.00
# Visual Studio Version 17
VisualStudioVersion = 17.8.34330.188
MinimumVisualStudioVersion = 10.0.40219.1
Project("{9A19103F-16F7-4668-BE54-9A1E7A4F7556}") = "OrderFlow.Console", "OrderFlow.Console\OrderFlow.Console.csproj", "{A1B2C3D4-E5F6-47A8-B9C0-D1E2F3A4B5C6}"
EndProject
Project("{2150E333-8FDC-42A3-9474-1A3956D46DE8}") = "OrderFlow.Console", "OrderFlow.Console", "{369B49C2-76A8-A453-60AA-B10A9B713FB5}"
EndProject
Project("{FAE04EC0-301F-11D3-BF4B-00C04F79EFBC}") = "OrderFlow.Tests", "OrderFlow.Console\OrderFlow.Tests\OrderFlow.Tests.csproj", "{F689EA31-1438-4C2F-ABF2-6F5A9799A826}"
EndProject
Global
	GlobalSection(SolutionConfigurationPlatforms) = preSolution
		Debug|Any CPU = Debug|Any CPU
		Debug|x64 = Debug|x64
		Debug|x86 = Debug|x86
		Release|Any CPU = Release|Any CPU
		Release|x64 = Release|x64
		Release|x86 = Release|x86
	EndGlobalSection
	GlobalSection(ProjectConfigurationPlatforms) = postSolution
		{A1B2C3D4-E5F6-47A8-B9C0-D1E2F3A4B5C6}.Debug|Any CPU.ActiveCfg = Debug|Any CPU
		{A1B2C3D4-E5F6-47A8-B9C0-D1E2F3A4B5C6}.Debug|Any CPU.Build.0 = Debug|Any CPU
		{A1B2C3D4-E5F6-47A8-B9C0-D1E2F3A4B5C6}.Debug|x64.ActiveCfg = Debug|Any CPU
		{A1B2C3D4-E5F6-47A8-B9C0-D1E2F3A4B5C6}.Debug|x64.Build.0 = Debug|Any CPU
		{A1B2C3D4-E5F6-47A8-B9C0-D1E2F3A4B5C6}.Debug|x86.ActiveCfg = Debug|Any CPU
		{A1B2C3D4-E5F6-47A8-B9C0-D1E2F3A4B5C6}.Debug|x86.Build.0 = Debug|Any CPU
		{A1B2C3D4-E5F6-47A8-B9C0-D1E2F3A4B5C6}.Release|Any CPU.ActiveCfg = Release|Any CPU
		{A1B2C3D4-E5F6-47A8-B9C0-D1E2F3A4B5C6}.Release|Any CPU.Build.0 = Release|Any CPU
		{A1B2C3D4-E5F6-47A8-B9C0-D1E2F3A4B5C6}.Release|x64.ActiveCfg = Release|Any CPU
		{A1B2C3D4-E5F6-47A8-B9C0-D1E2F3A4B5C6}.Release|x64.Build.0 = Release|Any CPU
		{A1B2C3D4-E5F6-47A8-B9C0-D1E2F3A4B5C6}.Release|x86.ActiveCfg = Release|Any CPU
		{A1B2C3D4-E5F6-47A8-B9C0-D1E2F3A4B5C6}.Release|x86.Build.0 = Release|Any CPU
		{F689EA31-1438-4C2F-ABF2-6F5A9799A826}.Debug|Any CPU.ActiveCfg = Debug|Any CPU
		{F689EA31-1438-4C2F-ABF2-6F5A9799A826}.Debug|Any CPU.Build.0 = Debug|Any CPU
		{F689EA31-1438-4C2F-ABF2-6F5A9799A826}.Debug|x64.ActiveCfg = Debug|Any CPU
		{F689EA31-1438-4C2F-ABF2-6F5A9799A826}.Debug|x64.Build.0 = Debug|Any CPU
		{F689EA31-1438-4C2F-ABF2-6F5A9799A826}.Debug|x86.ActiveCfg = Debug|Any CPU
		{F689EA31-1438-4C2F-ABF2-6F5A9799A826}.Debug|x86.Build.0 = Debug|Any CPU
		{F689EA31-1438-4C2F-ABF2-6F5A9799A826}.Release|Any CPU.ActiveCfg = Release|Any CPU
		{F689EA31-1438-4C2F-ABF2-6F5A9799A826}.Release|Any CPU.Build.0 = Release|Any CPU
		{F689EA31-1438-4C2F-ABF2-6F5A9799A826}.Release|x64.ActiveCfg = Release|Any CPU
		{F689EA31-1438-4C2F-ABF2-6F5A9799A826}.Release|x64.Build.0 = Release|Any CPU
		{F689EA31-1438-4C2F-ABF2-6F5A9799A826}.Release|x86.ActiveCfg = Release|Any CPU
		{F689EA31-1438-4C2F-ABF2-6F5A9799A826}.Release|x86.Build.0 = Release|Any CPU
	EndGlobalSection
	GlobalSection(SolutionProperties) = preSolution
		HideSolutionNode = FALSE
	EndGlobalSection
	GlobalSection(NestedProjects) = preSolution
		{F689EA31-1438-4C2F-ABF2-6F5A9799A826} = {369B49C2-76A8-A453-60AA-B10A9B713FB5}
	EndGlobalSection
EndGlobal
